
Microsoft Visual Studio Solution File, Format Version 12.00
# Visual Studio Version 16
VisualStudioVersion = 16.0.31605.320
MinimumVisualStudioVersion = 10.0.40219.1
Project("{8BC9CEB8-8B4A-11D0-8D11-00A0C91BC942}") = "Webinar", "Webinar\Webinar.vcxproj", "{E225F66B-D151-46FD-B6E0-43C29B9EF069}"
EndProject
Global
	GlobalSection(SolutionConfigurationPlatforms) = preSolution
		Debug|x64 = Debug|x64
		Debug|x86 = Debug|x86
		Release|x64 = Release|x64
		Release|x86 = Release|x86
	EndGlobalSection
	GlobalSection(ProjectConfigurationPlatforms) = postSolution
		{E225F66B-D151-46FD-B6E0-43C29B9EF069}.Debug|x64.ActiveCfg = Debug|x64
		{E225F66B-D151-46FD-B6E0-43C29B9EF069}.Debug|x64.Build.0 = Debug|x64
		{E225F66B-D151-46FD-B6E0-43C29B9EF069}.Debug|x86.ActiveCfg = Debug|Win32
		{E225F66B-D151-46FD-B6E0-43C29B9EF069}.Debug|x86.Build.0 = Debug|Win32
		{E225F66B-D151-46FD-B6E0-43C29B9EF069}.Release|x64.ActiveCfg = Release|x64
		{E225F66B-D151-46FD-B6E0-43C29B9EF069}.Release|x64.Build.0 = Release|x64
		{E225F66B-D151-46FD-B6E0-43C29B9EF069}.Release|x86.ActiveCfg = Release|Win32
		{E225F66B-D151-46FD-B6E0-43C29B9EF069}.Release|x86.Build.0 = Release|Win32
	EndGlobalSection
	GlobalSection(SolutionProperties) = preSolution
		HideSolutionNode = FALSE
	EndGlobalSection
	GlobalSection(ExtensibilityGlobals) = postSolution
		SolutionGuid = {1ABAE7ED-D862-4810-A524-A7477993E260}
	EndGlobalSection
EndGlobal
